
Microsoft Visual Studio Solution File, Format Version 12.00
# Visual Studio Version 17
VisualStudioVersion = 17.7.34031.279
MinimumVisualStudioVersion = 10.0.40219.1
Project("{FAE04EC0-301F-11D3-BF4B-00C04F79EFBC}") = "GameProjectSon", "GameProjectSon\GameProjectSon.csproj", "{BB03B107-0E24-491E-AF00-242DAC66EB0A}"
EndProject
Global
	GlobalSection(SolutionConfigurationPlatforms) = preSolution
		Debug|Any CPU = Debug|Any CPU
		Release|Any CPU = Release|Any CPU
	EndGlobalSection
	GlobalSection(ProjectConfigurationPlatforms) = postSolution
		{BB03B107-0E24-491E-AF00-242DAC66EB0A}.Debug|Any CPU.ActiveCfg = Debug|Any CPU
		{BB03B107-0E24-491E-AF00-242DAC66EB0A}.Debug|Any CPU.Build.0 = Debug|Any CPU
		{BB03B107-0E24-491E-AF00-242DAC66EB0A}.Release|Any CPU.ActiveCfg = Release|Any CPU
		{BB03B107-0E24-491E-AF00-242DAC66EB0A}.Release|Any CPU.Build.0 = Release|Any CPU
	EndGlobalSection
	GlobalSection(SolutionProperties) = preSolution
		HideSolutionNode = FALSE
	EndGlobalSection
	GlobalSection(ExtensibilityGlobals) = postSolution
		SolutionGuid = {82F9A515-D8E9-48F2-9637-E47F2026C143}
	EndGlobalSection
EndGlobal
